
Microsoft Visual Studio Solution File, Format Version 12.00
# Visual Studio Version 16
VisualStudioVersion = 16.0.30011.22
MinimumVisualStudioVersion = 10.0.40219.1
Project("{FAE04EC0-301F-11D3-BF4B-00C04F79EFBC}") = "Week1_Evennumbers", "Week1_Evennumbers\Week1_Evennumbers.csproj", "{1B68BF5D-5E1D-401E-8F96-6CA55DD3375A}"
EndProject
Global
	GlobalSection(SolutionConfigurationPlatforms) = preSolution
		Debug|Any CPU = Debug|Any CPU
		Release|Any CPU = Release|Any CPU
	EndGlobalSection
	GlobalSection(ProjectConfigurationPlatforms) = postSolution
		{1B68BF5D-5E1D-401E-8F96-6CA55DD3375A}.Debug|Any CPU.ActiveCfg = Debug|Any CPU
		{1B68BF5D-5E1D-401E-8F96-6CA55DD3375A}.Debug|Any CPU.Build.0 = Debug|Any CPU
		{1B68BF5D-5E1D-401E-8F96-6CA55DD3375A}.Release|Any CPU.ActiveCfg = Release|Any CPU
		{1B68BF5D-5E1D-401E-8F96-6CA55DD3375A}.Release|Any CPU.Build.0 = Release|Any CPU
	EndGlobalSection
	GlobalSection(SolutionProperties) = preSolution
		HideSolutionNode = FALSE
	EndGlobalSection
	GlobalSection(ExtensibilityGlobals) = postSolution
		SolutionGuid = {5E6A103F-AC95-408F-B192-42E198E50962}
	EndGlobalSection
EndGlobal
